{
  "name": "server-accepts-email",
  "version": "0.0.0",
  "lockfileVersion": 1,
  "requires": true,
  "dependencies": {
    "@types/node": {
      "version": "10.1.3",
      "resolved": "https://registry.npmjs.org/@types/node/-/node-10.1.3.tgz",
      "integrity": "sha512-GiCx7dRvta0hbxXoJFAUxz+CKX6bZSCKjM5slq2vPp/5zwK01T4ibYZkGr6EN4F2QmxDQR76/ZHg6q+7iFWCWw==",
      "dev": true
    },
    "async-chunks": {
      "version": "1.1.0",
      "resolved": "https://registry.npmjs.org/async-chunks/-/async-chunks-1.1.0.tgz",
      "integrity": "sha512-/0b7z8cgxMYw4hSeY8fRP5B0gTZUWDjOhXOor/HZvfHj1M5J7jlbMx2AFU/irYNBdf+nwYm6dSWsex6+noyBrQ=="
    },
    "async-lines": {
      "version": "1.1.0",
      "resolved": "https://registry.npmjs.org/async-lines/-/async-lines-1.1.0.tgz",
      "integrity": "sha512-hHrxO/1a9fwIeKVKnd646IMcYXAbBo9kUtfNuQyye4zI87cxa24H5TIFGRabPYaAqEfTB0g7/wAx96PyCcxGCA==",
      "requires": {
        "async-chunks": "1.1.0"
      }
    },
    "debug": {
      "version": "3.1.0",
      "resolved": "https://registry.npmjs.org/debug/-/debug-3.1.0.tgz",
      "integrity": "sha512-OX8XqP7/1a9cqkxYw2yXss15f26NKWBpDXQd0/uK/KPqdQhxbPa994hnzjcE2VqQpDslf55723cKPUOGSmMY3g==",
      "requires": {
        "ms": "2.0.0"
      }
    },
    "is-error-constructor": {
      "version": "1.0.1",
      "resolved": "https://registry.npmjs.org/is-error-constructor/-/is-error-constructor-1.0.1.tgz",
      "integrity": "sha1-TqSIY2FNyltp7B1vUO0mmC9ecZI="
    },
    "ms": {
      "version": "2.0.0",
      "resolved": "https://registry.npmjs.org/ms/-/ms-2.0.0.tgz",
      "integrity": "sha1-VgiurfwAvmwpAd9fmGF4jeDVl8g="
    },
    "p-catch-if": {
      "version": "1.0.2",
      "resolved": "https://registry.npmjs.org/p-catch-if/-/p-catch-if-1.0.2.tgz",
      "integrity": "sha1-sF1Z/Zljckp3vK1MFCDD3Vkc6Jo=",
      "requires": {
        "is-error-constructor": "1.0.1"
      }
    },
    "typescript": {
      "version": "2.8.3",
      "resolved": "https://registry.npmjs.org/typescript/-/typescript-2.8.3.tgz",
      "integrity": "sha512-K7g15Bb6Ra4lKf7Iq2l/I5/En+hLIHmxWZGq3D4DIRNFxMNV6j2SHSvDOqs2tGd4UvD/fJvrwopzQXjLrT7Itw==",
      "dev": true
    }
  }
}
